
Microsoft Visual Studio Solution File, Format Version 12.00
# Visual Studio Version 17
VisualStudioVersion = 17.1.32421.90
MinimumVisualStudioVersion = 10.0.40219.1
Project("{2150E333-8FDC-42A3-9474-1A3956D46DE8}") = "BuyRequest", "BuyRequest", "{22D5616A-FF1C-4812-B997-846384D22382}"
EndProject
Project("{2150E333-8FDC-42A3-9474-1A3956D46DE8}") = "CashBook", "CashBook", "{29589132-906D-4D15-ABBA-5156B9C73569}"
EndProject
Project("{2150E333-8FDC-42A3-9474-1A3956D46DE8}") = "Document", "Document", "{07FA9080-FDCA-4091-A07E-AC02B67BC5A5}"
EndProject
Project("{2150E333-8FDC-42A3-9474-1A3956D46DE8}") = "Infrastructure", "Infrastructure", "{AB3BE89D-D874-4ED8-AEE3-E0B957759B77}"
EndProject
Project("{2150E333-8FDC-42A3-9474-1A3956D46DE8}") = "UnitTest", "UnitTest", "{C3933BD4-29D7-49C4-984C-78AC11B05FF8}"
EndProject
Project("{2150E333-8FDC-42A3-9474-1A3956D46DE8}") = "UnitTest", "UnitTest", "{F7D97537-8422-4EC9-A954-5893A9B4387A}"
EndProject
Project("{2150E333-8FDC-42A3-9474-1A3956D46DE8}") = "UnitTest", "UnitTest", "{5754D52D-84C1-42C1-B530-0CEFCBA18856}"
EndProject
Project("{2150E333-8FDC-42A3-9474-1A3956D46DE8}") = "Domain", "Domain", "{19585202-8602-4C35-A24D-53D8BBFA3F75}"
EndProject
Project("{2150E333-8FDC-42A3-9474-1A3956D46DE8}") = "Domain", "Domain", "{B9FE5FA1-3D7D-45BA-9813-3697959AD730}"
EndProject
Project("{2150E333-8FDC-42A3-9474-1A3956D46DE8}") = "Domain", "Domain", "{9A9A3201-9F2B-4DE5-840F-E4C4BA1585A8}"
EndProject
Project("{2150E333-8FDC-42A3-9474-1A3956D46DE8}") = "Data", "Data", "{50F50CD6-A5DC-4610-A2CB-D60D663E9BEB}"
EndProject
Project("{2150E333-8FDC-42A3-9474-1A3956D46DE8}") = "Data", "Data", "{65A258BD-FDAE-4142-B850-A8CEA6C7017A}"
EndProject
Project("{2150E333-8FDC-42A3-9474-1A3956D46DE8}") = "Data", "Data", "{B2241713-8DAE-4AE1-9B57-A1F1F1A3B650}"
EndProject
Project("{2150E333-8FDC-42A3-9474-1A3956D46DE8}") = "Application", "Application", "{73196FCF-0D78-4B9C-8918-430F8DEB7288}"
EndProject
Project("{2150E333-8FDC-42A3-9474-1A3956D46DE8}") = "Application", "Application", "{CC7F64E7-6A7C-4EB8-85B9-D52C83B7D7A4}"
EndProject
Project("{2150E333-8FDC-42A3-9474-1A3956D46DE8}") = "Application", "Application", "{5A265F9F-9481-4B9C-BDB6-9807DE61053F}"
EndProject
Project("{9A19103F-16F7-4668-BE54-9A1E7A4F7556}") = "CashBook.UnitTest", "CashBook\CashBook.UnitTest\CashBook.UnitTest.csproj", "{A97C2FD1-ADE0-4DC4-951F-02F54487D8F6}"
EndProject
Project("{9A19103F-16F7-4668-BE54-9A1E7A4F7556}") = "BuyRequest.UnitTest", "BuyRequest\BuyRequest.UnitTest\BuyRequest.UnitTest.csproj", "{5ABCCEC4-F7FA-468F-9EC2-28DC98AF386C}"
EndProject
Project("{9A19103F-16F7-4668-BE54-9A1E7A4F7556}") = "Document.UnitTest", "Document\Document.UnitTest\Document.UnitTest.csproj", "{A56E5030-BA22-47EE-AC40-64441D398BB7}"
EndProject
Project("{2150E333-8FDC-42A3-9474-1A3956D46DE8}") = "API", "API", "{2DEED893-EFFD-4222-AE76-EAD32CEE0B7B}"
EndProject
Project("{2150E333-8FDC-42A3-9474-1A3956D46DE8}") = "API", "API", "{7EB65165-F979-4E2A-9BD8-1092E58509AE}"
EndProject
Project("{2150E333-8FDC-42A3-9474-1A3956D46DE8}") = "API", "API", "{5FFF5D5A-BD6A-479C-A431-A373C33B5245}"
EndProject
Project("{9A19103F-16F7-4668-BE54-9A1E7A4F7556}") = "Document.Domain", "Document\Document.Domain\Document.Domain.csproj", "{8304CBFA-E62D-4BCB-8B2C-2A45EE4C05CF}"
EndProject
Project("{9A19103F-16F7-4668-BE54-9A1E7A4F7556}") = "CashBook.Domain", "CashBook\CashBook.Domain\CashBook.Domain.csproj", "{2826C34E-F9D8-48F2-B991-B7F4DD27599E}"
EndProject
Project("{9A19103F-16F7-4668-BE54-9A1E7A4F7556}") = "BuyRequest.Domain", "BuyRequest\BuyRequest.Domain\BuyRequest.Domain.csproj", "{A2729834-BA87-4818-95CF-1C75FC08D7E1}"
EndProject
Project("{9A19103F-16F7-4668-BE54-9A1E7A4F7556}") = "BuyRequest.Application", "BuyRequest\BuyRequest.Application\BuyRequest.Application.csproj", "{21A386B1-E648-40B9-95FF-7B1A5C5CFA22}"
EndProject
Project("{9A19103F-16F7-4668-BE54-9A1E7A4F7556}") = "CashBook.Application", "CashBook\CashBook.Application\CashBook.Application.csproj", "{E3C34D81-AB18-43A1-9E61-1917581BEA7E}"
EndProject
Project("{9A19103F-16F7-4668-BE54-9A1E7A4F7556}") = "Document.Application", "Document\Document.Application\Document.Application.csproj", "{DE2333C8-445D-4467-A614-6267640C446C}"
EndProject
Project("{9A19103F-16F7-4668-BE54-9A1E7A4F7556}") = "BuyRequest.Data", "BuyRequest\BuyRequest.Data\BuyRequest.Data.csproj", "{27500562-62E3-4308-834E-70FDDBDBB16B}"
EndProject
Project("{9A19103F-16F7-4668-BE54-9A1E7A4F7556}") = "CashBook.Data", "CashBook\CashBook.Data\CashBook.Data.csproj", "{6188F574-259F-4904-9CBB-09262F658C45}"
EndProject
Project("{9A19103F-16F7-4668-BE54-9A1E7A4F7556}") = "Document.Data", "Document\Document.Data\Document.Data.csproj", "{102FD00D-5647-4E52-A7A6-D040FDB03677}"
EndProject
Project("{9A19103F-16F7-4668-BE54-9A1E7A4F7556}") = "BuyRequest.Api", "BuyRequest\BuyRequest.Api\BuyRequest.Api.csproj", "{789BE293-8DE3-4C02-9FC8-7FCF22628EDC}"
EndProject
Project("{9A19103F-16F7-4668-BE54-9A1E7A4F7556}") = "CashBook.Api", "CashBook\CashBook.Api\CashBook.Api.csproj", "{ADF38A3D-7539-42F9-9069-FC532FDEFFD1}"
EndProject
Project("{9A19103F-16F7-4668-BE54-9A1E7A4F7556}") = "Infrastructure.Shared", "Infrastructure\Infrastructure.Shared\Infrastructure.Shared.csproj", "{96182B05-A4C9-45FF-B815-AB0722897FC0}"
EndProject
Project("{9A19103F-16F7-4668-BE54-9A1E7A4F7556}") = "Document.Api", "Document\Document.Api\Document.Api.csproj", "{45F4A13B-60FF-4BFA-A4B8-AE64333548A9}"
EndProject
Project("{FAE04EC0-301F-11D3-BF4B-00C04F79EFBC}") = "CashBook.ApiClient", "CashBook\CashBook.ApiClient\CashBook.ApiClient.csproj", "{806981FB-B532-4D95-8BAE-0BADB45DFC95}"
EndProject
Global
	GlobalSection(SolutionConfigurationPlatforms) = preSolution
		Debug|Any CPU = Debug|Any CPU
		Release|Any CPU = Release|Any CPU
	EndGlobalSection
	GlobalSection(ProjectConfigurationPlatforms) = postSolution
		{A97C2FD1-ADE0-4DC4-951F-02F54487D8F6}.Debug|Any CPU.ActiveCfg = Debug|Any CPU
		{A97C2FD1-ADE0-4DC4-951F-02F54487D8F6}.Debug|Any CPU.Build.0 = Debug|Any CPU
		{A97C2FD1-ADE0-4DC4-951F-02F54487D8F6}.Release|Any CPU.ActiveCfg = Release|Any CPU
		{A97C2FD1-ADE0-4DC4-951F-02F54487D8F6}.Release|Any CPU.Build.0 = Release|Any CPU
		{5ABCCEC4-F7FA-468F-9EC2-28DC98AF386C}.Debug|Any CPU.ActiveCfg = Debug|Any CPU
		{5ABCCEC4-F7FA-468F-9EC2-28DC98AF386C}.Debug|Any CPU.Build.0 = Debug|Any CPU
		{5ABCCEC4-F7FA-468F-9EC2-28DC98AF386C}.Release|Any CPU.ActiveCfg = Release|Any CPU
		{5ABCCEC4-F7FA-468F-9EC2-28DC98AF386C}.Release|Any CPU.Build.0 = Release|Any CPU
		{A56E5030-BA22-47EE-AC40-64441D398BB7}.Debug|Any CPU.ActiveCfg = Debug|Any CPU
		{A56E5030-BA22-47EE-AC40-64441D398BB7}.Debug|Any CPU.Build.0 = Debug|Any CPU
		{A56E5030-BA22-47EE-AC40-64441D398BB7}.Release|Any CPU.ActiveCfg = Release|Any CPU
		{A56E5030-BA22-47EE-AC40-64441D398BB7}.Release|Any CPU.Build.0 = Release|Any CPU
		{8304CBFA-E62D-4BCB-8B2C-2A45EE4C05CF}.Debug|Any CPU.ActiveCfg = Debug|Any CPU
		{8304CBFA-E62D-4BCB-8B2C-2A45EE4C05CF}.Debug|Any CPU.Build.0 = Debug|Any CPU
		{8304CBFA-E62D-4BCB-8B2C-2A45EE4C05CF}.Release|Any CPU.ActiveCfg = Release|Any CPU
		{8304CBFA-E62D-4BCB-8B2C-2A45EE4C05CF}.Release|Any CPU.Build.0 = Release|Any CPU
		{2826C34E-F9D8-48F2-B991-B7F4DD27599E}.Debug|Any CPU.ActiveCfg = Debug|Any CPU
		{2826C34E-F9D8-48F2-B991-B7F4DD27599E}.Debug|Any CPU.Build.0 = Debug|Any CPU
		{2826C34E-F9D8-48F2-B991-B7F4DD27599E}.Release|Any CPU.ActiveCfg = Release|Any CPU
		{2826C34E-F9D8-48F2-B991-B7F4DD27599E}.Release|Any CPU.Build.0 = Release|Any CPU
		{A2729834-BA87-4818-95CF-1C75FC08D7E1}.Debug|Any CPU.ActiveCfg = Debug|Any CPU
		{A2729834-BA87-4818-95CF-1C75FC08D7E1}.Debug|Any CPU.Build.0 = Debug|Any CPU
		{A2729834-BA87-4818-95CF-1C75FC08D7E1}.Release|Any CPU.ActiveCfg = Release|Any CPU
		{A2729834-BA87-4818-95CF-1C75FC08D7E1}.Release|Any CPU.Build.0 = Release|Any CPU
		{21A386B1-E648-40B9-95FF-7B1A5C5CFA22}.Debug|Any CPU.ActiveCfg = Debug|Any CPU
		{21A386B1-E648-40B9-95FF-7B1A5C5CFA22}.Debug|Any CPU.Build.0 = Debug|Any CPU
		{21A386B1-E648-40B9-95FF-7B1A5C5CFA22}.Release|Any CPU.ActiveCfg = Release|Any CPU
		{21A386B1-E648-40B9-95FF-7B1A5C5CFA22}.Release|Any CPU.Build.0 = Release|Any CPU
		{E3C34D81-AB18-43A1-9E61-1917581BEA7E}.Debug|Any CPU.ActiveCfg = Debug|Any CPU
		{E3C34D81-AB18-43A1-9E61-1917581BEA7E}.Debug|Any CPU.Build.0 = Debug|Any CPU
		{E3C34D81-AB18-43A1-9E61-1917581BEA7E}.Release|Any CPU.ActiveCfg = Release|Any CPU
		{E3C34D81-AB18-43A1-9E61-1917581BEA7E}.Release|Any CPU.Build.0 = Release|Any CPU
		{DE2333C8-445D-4467-A614-6267640C446C}.Debug|Any CPU.ActiveCfg = Debug|Any CPU
		{DE2333C8-445D-4467-A614-6267640C446C}.Debug|Any CPU.Build.0 = Debug|Any CPU
		{DE2333C8-445D-4467-A614-6267640C446C}.Release|Any CPU.ActiveCfg = Release|Any CPU
		{DE2333C8-445D-4467-A614-6267640C446C}.Release|Any CPU.Build.0 = Release|Any CPU
		{27500562-62E3-4308-834E-70FDDBDBB16B}.Debug|Any CPU.ActiveCfg = Debug|Any CPU
		{27500562-62E3-4308-834E-70FDDBDBB16B}.Debug|Any CPU.Build.0 = Debug|Any CPU
		{27500562-62E3-4308-834E-70FDDBDBB16B}.Release|Any CPU.ActiveCfg = Release|Any CPU
		{27500562-62E3-4308-834E-70FDDBDBB16B}.Release|Any CPU.Build.0 = Release|Any CPU
		{6188F574-259F-4904-9CBB-09262F658C45}.Debug|Any CPU.ActiveCfg = Debug|Any CPU
		{6188F574-259F-4904-9CBB-09262F658C45}.Debug|Any CPU.Build.0 = Debug|Any CPU
		{6188F574-259F-4904-9CBB-09262F658C45}.Release|Any CPU.ActiveCfg = Release|Any CPU
		{6188F574-259F-4904-9CBB-09262F658C45}.Release|Any CPU.Build.0 = Release|Any CPU
		{102FD00D-5647-4E52-A7A6-D040FDB03677}.Debug|Any CPU.ActiveCfg = Debug|Any CPU
		{102FD00D-5647-4E52-A7A6-D040FDB03677}.Debug|Any CPU.Build.0 = Debug|Any CPU
		{102FD00D-5647-4E52-A7A6-D040FDB03677}.Release|Any CPU.ActiveCfg = Release|Any CPU
		{102FD00D-5647-4E52-A7A6-D040FDB03677}.Release|Any CPU.Build.0 = Release|Any CPU
		{789BE293-8DE3-4C02-9FC8-7FCF22628EDC}.Debug|Any CPU.ActiveCfg = Debug|Any CPU
		{789BE293-8DE3-4C02-9FC8-7FCF22628EDC}.Debug|Any CPU.Build.0 = Debug|Any CPU
		{789BE293-8DE3-4C02-9FC8-7FCF22628EDC}.Release|Any CPU.ActiveCfg = Release|Any CPU
		{789BE293-8DE3-4C02-9FC8-7FCF22628EDC}.Release|Any CPU.Build.0 = Release|Any CPU
		{ADF38A3D-7539-42F9-9069-FC532FDEFFD1}.Debug|Any CPU.ActiveCfg = Debug|Any CPU
		{ADF38A3D-7539-42F9-9069-FC532FDEFFD1}.Debug|Any CPU.Build.0 = Debug|Any CPU
		{ADF38A3D-7539-42F9-9069-FC532FDEFFD1}.Release|Any CPU.ActiveCfg = Release|Any CPU
		{ADF38A3D-7539-42F9-9069-FC532FDEFFD1}.Release|Any CPU.Build.0 = Release|Any CPU
		{96182B05-A4C9-45FF-B815-AB0722897FC0}.Debug|Any CPU.ActiveCfg = Debug|Any CPU
		{96182B05-A4C9-45FF-B815-AB0722897FC0}.Debug|Any CPU.Build.0 = Debug|Any CPU
		{96182B05-A4C9-45FF-B815-AB0722897FC0}.Release|Any CPU.ActiveCfg = Release|Any CPU
		{96182B05-A4C9-45FF-B815-AB0722897FC0}.Release|Any CPU.Build.0 = Release|Any CPU
		{45F4A13B-60FF-4BFA-A4B8-AE64333548A9}.Debug|Any CPU.ActiveCfg = Debug|Any CPU
		{45F4A13B-60FF-4BFA-A4B8-AE64333548A9}.Debug|Any CPU.Build.0 = Debug|Any CPU
		{45F4A13B-60FF-4BFA-A4B8-AE64333548A9}.Release|Any CPU.ActiveCfg = Release|Any CPU
		{45F4A13B-60FF-4BFA-A4B8-AE64333548A9}.Release|Any CPU.Build.0 = Release|Any CPU
		{806981FB-B532-4D95-8BAE-0BADB45DFC95}.Debug|Any CPU.ActiveCfg = Debug|Any CPU
		{806981FB-B532-4D95-8BAE-0BADB45DFC95}.Debug|Any CPU.Build.0 = Debug|Any CPU
		{806981FB-B532-4D95-8BAE-0BADB45DFC95}.Release|Any CPU.ActiveCfg = Release|Any CPU
		{806981FB-B532-4D95-8BAE-0BADB45DFC95}.Release|Any CPU.Build.0 = Release|Any CPU
	EndGlobalSection
	GlobalSection(SolutionProperties) = preSolution
		HideSolutionNode = FALSE
	EndGlobalSection
	GlobalSection(NestedProjects) = preSolution
		{C3933BD4-29D7-49C4-984C-78AC11B05FF8} = {07FA9080-FDCA-4091-A07E-AC02B67BC5A5}
		{F7D97537-8422-4EC9-A954-5893A9B4387A} = {29589132-906D-4D15-ABBA-5156B9C73569}
		{5754D52D-84C1-42C1-B530-0CEFCBA18856} = {22D5616A-FF1C-4812-B997-846384D22382}
		{19585202-8602-4C35-A24D-53D8BBFA3F75} = {07FA9080-FDCA-4091-A07E-AC02B67BC5A5}
		{B9FE5FA1-3D7D-45BA-9813-3697959AD730} = {29589132-906D-4D15-ABBA-5156B9C73569}
		{9A9A3201-9F2B-4DE5-840F-E4C4BA1585A8} = {22D5616A-FF1C-4812-B997-846384D22382}
		{50F50CD6-A5DC-4610-A2CB-D60D663E9BEB} = {22D5616A-FF1C-4812-B997-846384D22382}
		{65A258BD-FDAE-4142-B850-A8CEA6C7017A} = {29589132-906D-4D15-ABBA-5156B9C73569}
		{B2241713-8DAE-4AE1-9B57-A1F1F1A3B650} = {07FA9080-FDCA-4091-A07E-AC02B67BC5A5}
		{73196FCF-0D78-4B9C-8918-430F8DEB7288} = {07FA9080-FDCA-4091-A07E-AC02B67BC5A5}
		{CC7F64E7-6A7C-4EB8-85B9-D52C83B7D7A4} = {29589132-906D-4D15-ABBA-5156B9C73569}
		{5A265F9F-9481-4B9C-BDB6-9807DE61053F} = {22D5616A-FF1C-4812-B997-846384D22382}
		{A97C2FD1-ADE0-4DC4-951F-02F54487D8F6} = {F7D97537-8422-4EC9-A954-5893A9B4387A}
		{5ABCCEC4-F7FA-468F-9EC2-28DC98AF386C} = {5754D52D-84C1-42C1-B530-0CEFCBA18856}
		{A56E5030-BA22-47EE-AC40-64441D398BB7} = {C3933BD4-29D7-49C4-984C-78AC11B05FF8}
		{2DEED893-EFFD-4222-AE76-EAD32CEE0B7B} = {07FA9080-FDCA-4091-A07E-AC02B67BC5A5}
		{7EB65165-F979-4E2A-9BD8-1092E58509AE} = {29589132-906D-4D15-ABBA-5156B9C73569}
		{5FFF5D5A-BD6A-479C-A431-A373C33B5245} = {22D5616A-FF1C-4812-B997-846384D22382}
		{8304CBFA-E62D-4BCB-8B2C-2A45EE4C05CF} = {19585202-8602-4C35-A24D-53D8BBFA3F75}
		{2826C34E-F9D8-48F2-B991-B7F4DD27599E} = {B9FE5FA1-3D7D-45BA-9813-3697959AD730}
		{A2729834-BA87-4818-95CF-1C75FC08D7E1} = {9A9A3201-9F2B-4DE5-840F-E4C4BA1585A8}
		{21A386B1-E648-40B9-95FF-7B1A5C5CFA22} = {5A265F9F-9481-4B9C-BDB6-9807DE61053F}
		{E3C34D81-AB18-43A1-9E61-1917581BEA7E} = {CC7F64E7-6A7C-4EB8-85B9-D52C83B7D7A4}
		{DE2333C8-445D-4467-A614-6267640C446C} = {73196FCF-0D78-4B9C-8918-430F8DEB7288}
		{27500562-62E3-4308-834E-70FDDBDBB16B} = {50F50CD6-A5DC-4610-A2CB-D60D663E9BEB}
		{6188F574-259F-4904-9CBB-09262F658C45} = {65A258BD-FDAE-4142-B850-A8CEA6C7017A}
		{102FD00D-5647-4E52-A7A6-D040FDB03677} = {B2241713-8DAE-4AE1-9B57-A1F1F1A3B650}
		{789BE293-8DE3-4C02-9FC8-7FCF22628EDC} = {5FFF5D5A-BD6A-479C-A431-A373C33B5245}
		{ADF38A3D-7539-42F9-9069-FC532FDEFFD1} = {7EB65165-F979-4E2A-9BD8-1092E58509AE}
		{96182B05-A4C9-45FF-B815-AB0722897FC0} = {AB3BE89D-D874-4ED8-AEE3-E0B957759B77}
		{45F4A13B-60FF-4BFA-A4B8-AE64333548A9} = {2DEED893-EFFD-4222-AE76-EAD32CEE0B7B}
		{806981FB-B532-4D95-8BAE-0BADB45DFC95} = {7EB65165-F979-4E2A-9BD8-1092E58509AE}
	EndGlobalSection
	GlobalSection(ExtensibilityGlobals) = postSolution
		SolutionGuid = {93959A6A-1E20-48B3-88CF-71A54805BC03}
	EndGlobalSection
EndGlobal
