
Microsoft Visual Studio Solution File, Format Version 12.00
# Visual Studio Version 17
VisualStudioVersion = 17.2.32526.322
MinimumVisualStudioVersion = 10.0.40219.1
Project("{2150E333-8FDC-42A3-9474-1A3956D46DE8}") = "Stocks", "Stocks", "{FB60064B-3E4D-42BF-80AF-A713D4734F25}"
EndProject
Project("{2150E333-8FDC-42A3-9474-1A3956D46DE8}") = "MessageBroker", "MessageBroker", "{F3ABEA41-28D5-4512-A19A-99A33F2C4A2D}"
EndProject
Project("{2150E333-8FDC-42A3-9474-1A3956D46DE8}") = "API", "API", "{1F63AEA4-F500-4A5C-A515-13E6E63334C8}"
EndProject
Project("{2150E333-8FDC-42A3-9474-1A3956D46DE8}") = "APPLICATION", "APPLICATION", "{449345D0-8BB5-4A12-8214-0E6E31043F26}"
EndProject
Project("{2150E333-8FDC-42A3-9474-1A3956D46DE8}") = "DATA", "DATA", "{93CEF99B-A6CA-4F19-8AB0-A9F6C5609BCE}"
EndProject
Project("{2150E333-8FDC-42A3-9474-1A3956D46DE8}") = "DOMAIN", "DOMAIN", "{467A5CCA-431C-420E-B449-4F342DE052BA}"
EndProject
Project("{2150E333-8FDC-42A3-9474-1A3956D46DE8}") = "UNITTEST", "UNITTEST", "{9758D09F-B7FE-4ABF-8227-53AF220EAE50}"
EndProject
Project("{9A19103F-16F7-4668-BE54-9A1E7A4F7556}") = "Stock.Api", "Stocks\Stocks.Api\Stock.Api.csproj", "{36DD1766-4F2C-4DB9-860F-8595BB558A49}"
EndProject
Project("{9A19103F-16F7-4668-BE54-9A1E7A4F7556}") = "Stock.Domain", "Stocks\Stocks.Domain\Stock.Domain.csproj", "{6A7C99E1-6622-452F-8D43-FD8019E47FA8}"
EndProject
Project("{9A19103F-16F7-4668-BE54-9A1E7A4F7556}") = "Stock.Data", "Stocks\Stocks.Data\Stock.Data.csproj", "{4CBF5BFC-0329-4B38-A25C-0B9F611D21FE}"
EndProject
Project("{9A19103F-16F7-4668-BE54-9A1E7A4F7556}") = "Stock.Application", "Stocks\Stocks.Application\Stock.Application.csproj", "{ED871099-85F3-4FAA-87F7-14ADDA3D6BBF}"
EndProject
Project("{E53339B2-1760-4266-BCC7-CA923CBCF16C}") = "docker-compose", "docker-compose.dcproj", "{8825415B-6032-43BF-8E18-2B56228DE52E}"
EndProject
Project("{9A19103F-16F7-4668-BE54-9A1E7A4F7556}") = "Stocks.UnitTest", "Stocks\Stocks.UnitTest\Stocks.UnitTest.csproj", "{6F6B8CD8-C911-4416-8B28-69DED62FF47C}"
EndProject
Project("{9A19103F-16F7-4668-BE54-9A1E7A4F7556}") = "MessageBroker", "MessageBroker\MessageBroker\MessageBroker.csproj", "{410E2EC1-5D92-4F2F-80BA-139268FE52A1}"
EndProject
Global
	GlobalSection(SolutionConfigurationPlatforms) = preSolution
		Debug|Any CPU = Debug|Any CPU
		Release|Any CPU = Release|Any CPU
	EndGlobalSection
	GlobalSection(ProjectConfigurationPlatforms) = postSolution
		{36DD1766-4F2C-4DB9-860F-8595BB558A49}.Debug|Any CPU.ActiveCfg = Debug|Any CPU
		{36DD1766-4F2C-4DB9-860F-8595BB558A49}.Debug|Any CPU.Build.0 = Debug|Any CPU
		{36DD1766-4F2C-4DB9-860F-8595BB558A49}.Release|Any CPU.ActiveCfg = Release|Any CPU
		{36DD1766-4F2C-4DB9-860F-8595BB558A49}.Release|Any CPU.Build.0 = Release|Any CPU
		{6A7C99E1-6622-452F-8D43-FD8019E47FA8}.Debug|Any CPU.ActiveCfg = Debug|Any CPU
		{6A7C99E1-6622-452F-8D43-FD8019E47FA8}.Debug|Any CPU.Build.0 = Debug|Any CPU
		{6A7C99E1-6622-452F-8D43-FD8019E47FA8}.Release|Any CPU.ActiveCfg = Release|Any CPU
		{6A7C99E1-6622-452F-8D43-FD8019E47FA8}.Release|Any CPU.Build.0 = Release|Any CPU
		{4CBF5BFC-0329-4B38-A25C-0B9F611D21FE}.Debug|Any CPU.ActiveCfg = Debug|Any CPU
		{4CBF5BFC-0329-4B38-A25C-0B9F611D21FE}.Debug|Any CPU.Build.0 = Debug|Any CPU
		{4CBF5BFC-0329-4B38-A25C-0B9F611D21FE}.Release|Any CPU.ActiveCfg = Release|Any CPU
		{4CBF5BFC-0329-4B38-A25C-0B9F611D21FE}.Release|Any CPU.Build.0 = Release|Any CPU
		{ED871099-85F3-4FAA-87F7-14ADDA3D6BBF}.Debug|Any CPU.ActiveCfg = Debug|Any CPU
		{ED871099-85F3-4FAA-87F7-14ADDA3D6BBF}.Debug|Any CPU.Build.0 = Debug|Any CPU
		{ED871099-85F3-4FAA-87F7-14ADDA3D6BBF}.Release|Any CPU.ActiveCfg = Release|Any CPU
		{ED871099-85F3-4FAA-87F7-14ADDA3D6BBF}.Release|Any CPU.Build.0 = Release|Any CPU
		{8825415B-6032-43BF-8E18-2B56228DE52E}.Debug|Any CPU.ActiveCfg = Debug|Any CPU
		{8825415B-6032-43BF-8E18-2B56228DE52E}.Debug|Any CPU.Build.0 = Debug|Any CPU
		{8825415B-6032-43BF-8E18-2B56228DE52E}.Release|Any CPU.ActiveCfg = Release|Any CPU
		{8825415B-6032-43BF-8E18-2B56228DE52E}.Release|Any CPU.Build.0 = Release|Any CPU
		{6F6B8CD8-C911-4416-8B28-69DED62FF47C}.Debug|Any CPU.ActiveCfg = Debug|Any CPU
		{6F6B8CD8-C911-4416-8B28-69DED62FF47C}.Debug|Any CPU.Build.0 = Debug|Any CPU
		{6F6B8CD8-C911-4416-8B28-69DED62FF47C}.Release|Any CPU.ActiveCfg = Release|Any CPU
		{6F6B8CD8-C911-4416-8B28-69DED62FF47C}.Release|Any CPU.Build.0 = Release|Any CPU
		{410E2EC1-5D92-4F2F-80BA-139268FE52A1}.Debug|Any CPU.ActiveCfg = Debug|Any CPU
		{410E2EC1-5D92-4F2F-80BA-139268FE52A1}.Debug|Any CPU.Build.0 = Debug|Any CPU
		{410E2EC1-5D92-4F2F-80BA-139268FE52A1}.Release|Any CPU.ActiveCfg = Release|Any CPU
		{410E2EC1-5D92-4F2F-80BA-139268FE52A1}.Release|Any CPU.Build.0 = Release|Any CPU
	EndGlobalSection
	GlobalSection(SolutionProperties) = preSolution
		HideSolutionNode = FALSE
	EndGlobalSection
	GlobalSection(NestedProjects) = preSolution
		{1F63AEA4-F500-4A5C-A515-13E6E63334C8} = {FB60064B-3E4D-42BF-80AF-A713D4734F25}
		{449345D0-8BB5-4A12-8214-0E6E31043F26} = {FB60064B-3E4D-42BF-80AF-A713D4734F25}
		{93CEF99B-A6CA-4F19-8AB0-A9F6C5609BCE} = {FB60064B-3E4D-42BF-80AF-A713D4734F25}
		{467A5CCA-431C-420E-B449-4F342DE052BA} = {FB60064B-3E4D-42BF-80AF-A713D4734F25}
		{9758D09F-B7FE-4ABF-8227-53AF220EAE50} = {FB60064B-3E4D-42BF-80AF-A713D4734F25}
		{36DD1766-4F2C-4DB9-860F-8595BB558A49} = {1F63AEA4-F500-4A5C-A515-13E6E63334C8}
		{6A7C99E1-6622-452F-8D43-FD8019E47FA8} = {467A5CCA-431C-420E-B449-4F342DE052BA}
		{4CBF5BFC-0329-4B38-A25C-0B9F611D21FE} = {93CEF99B-A6CA-4F19-8AB0-A9F6C5609BCE}
		{ED871099-85F3-4FAA-87F7-14ADDA3D6BBF} = {449345D0-8BB5-4A12-8214-0E6E31043F26}
		{6F6B8CD8-C911-4416-8B28-69DED62FF47C} = {9758D09F-B7FE-4ABF-8227-53AF220EAE50}
		{410E2EC1-5D92-4F2F-80BA-139268FE52A1} = {F3ABEA41-28D5-4512-A19A-99A33F2C4A2D}
	EndGlobalSection
	GlobalSection(ExtensibilityGlobals) = postSolution
		SolutionGuid = {D37E8250-1671-4357-A3F3-DC117A8D57C2}
	EndGlobalSection
EndGlobal
